{
  "name": "@shou/driver",
  "version": "0.0.0",
  "lockfileVersion": 3,
  "requires": true,
  "packages": {
    "": {
      "name": "@shou/driver",
      "version": "0.0.0",
      "dependencies": {
        "@mysten/enoki": "^1.2.19",
        "@mysten/sui": "^2.28.0"
      },
      "devDependencies": {
        "@types/node": "^26.4.1",
        "typescript": "^5.5.0"
      }
    },
    "node_modules/@0no-co/graphql.web": {
      "version": "1.3.4",
      "resolved": "https://registry.npmjs.org/@0no-co/graphql.web/-/graphql.web-1.3.4.tgz",
      "integrity": "sha512-imSwulOeDQodRy/olQmVEo2PiY6ntjkZ9eiGdw6lMYylh/tay9b7MusyJBmEnkL8GiKRKr6ltr+D42mY5bd8Bg==",
      "license": "MIT",
      "peerDependencies": {
        "graphql": "^14.0.0 || ^15.0.0 || ^16.0.0 || ^17.0.0"
      },
      "peerDependenciesMeta": {
        "graphql": {
          "optional": true
        }
      }
    },
    "node_modules/@0no-co/graphqlsp": {
      "version": "1.17.5",
      "resolved": "https://registry.npmjs.org/@0no-co/graphqlsp/-/graphqlsp-1.17.5.tgz",
      "integrity": "sha512-wsygfTO3pdkz4idDw8BxdMdgB9AB8nuJDJTUwYy87BiZEZRXS4bEfn4oNl9VtxTo6j2lzX/gED+IvOgxsSy2Jg==",
      "license": "MIT",
      "dependencies": {
        "@gql.tada/internal": "^1.2.1",
        "graphql": "^15.5.0 || ^16.0.0 || ^17.0.0"
      },
      "peerDependencies": {
        "graphql": "^15.5.0 || ^16.0.0 || ^17.0.0",
        "typescript": "^5.0.0 || ^6.0.0"
      }
    },
    "node_modules/@gql.tada/cli-utils": {
      "version": "1.9.3",
      "resolved": "https://registry.npmjs.org/@gql.tada/cli-utils/-/cli-utils-1.9.3.tgz",
      "integrity": "sha512-P1TiXErpJwIi73sei5fzwGA/SOeCaIHFWFR4RdZPLwqxZzQN0T6MAUivzXBgKCORL67rvYnLaaPoWeqWq/61ug==",
      "license": "MIT",
      "dependencies": {
        "@0no-co/graphqlsp": "^1.17.3",
        "@gql.tada/internal": "1.2.2",
        "graphql": "^15.5.0 || ^16.0.0 || ^17.0.0"
      },
      "peerDependencies": {
        "@0no-co/graphqlsp": "^1.16.0",
        "@gql.tada/svelte-support": "1.0.3",
        "@gql.tada/vue-support": "1.0.3",
        "graphql": "^15.5.0 || ^16.0.0 || ^17.0.0",
        "typescript": "^5.0.0 || ^6.0.0 || ^7.0.0 || ^8.0.0"
      },
      "peerDependenciesMeta": {
        "@gql.tada/svelte-support": {
          "optional": true
        },
        "@gql.tada/vue-support": {
          "optional": true
        }
      }
    },
    "node_modules/@gql.tada/internal": {
      "version": "1.2.2",
      "resolved": "https://registry.npmjs.org/@gql.tada/internal/-/internal-1.2.2.tgz",
      "integrity": "sha512-4lZcElPP6MC8Ct8KN70LR2WQsHjbAsyAmTGG09VsOPhx738UFIYaL0S1XiI2pqq2tj/sDs/y3b9jvKoWGL7iuQ==",
      "license": "MIT",
      "dependencies": {
        "@0no-co/graphql.web": "^1.3.1"
      },
      "peerDependencies": {
        "graphql": "^15.5.0 || ^16.0.0 || ^17.0.0",
        "typescript": "^5.0.0 || ^6.0.0 || ^7.0.0 || ^8.0.0"
      }
    },
    "node_modules/@graphql-typed-document-node/core": {
      "version": "3.2.0",
      "resolved": "https://registry.npmjs.org/@graphql-typed-document-node/core/-/core-3.2.0.tgz",
      "integrity": "sha512-mB9oAsNCm9aM3/SOv4YtBMqZbYj10R7dkq8byBqxGY/ncFwhf2oQzMV+LCRlWoDSEBJ3COiR1yeDvMtsoOsuFQ==",
      "license": "MIT",
      "peerDependencies": {
        "graphql": "^0.8.0 || ^0.9.0 || ^0.10.0 || ^0.11.0 || ^0.12.0 || ^0.13.0 || ^14.0.0 || ^15.0.0 || ^16.0.0 || ^17.0.0"
      }
    },
    "node_modules/@mysten/bcs": {
      "version": "2.1.1",
      "resolved": "https://registry.npmjs.org/@mysten/bcs/-/bcs-2.1.1.tgz",
      "integrity": "sha512-IDYomoQ6+yvOIClBHmNdScttv+h/HbGGHLEdUmGQptR3YdqqLM5vJD28wf2QP/UXCEBkCoG7TOT6pFNw8ExYmA==",
      "license": "Apache-2.0",
      "dependencies": {
        "@mysten/utils": "^0.4.1",
        "@scure/base": "^2.3.0"
      }
    },
    "node_modules/@mysten/enoki": {
      "version": "1.2.19",
      "resolved": "https://registry.npmjs.org/@mysten/enoki/-/enoki-1.2.19.tgz",
      "integrity": "sha512-IpL7TK97bSap1tyF2HsxPBZSigIBFGWNX9HoK7W3n9hzdwrcZSiDYrP37n/Su3Hkz+vPV93C3oAD1jW7NbAyNQ==",
      "license": "Apache-2.0",
      "dependencies": {
        "@mysten/utils": "^0.4.1",
        "@mysten/wallet-standard": "^0.21.21",
        "@mysten/webcrypto-signer": "^0.2.21",
        "@nanostores/react": "^1.0.0",
        "@wallet-standard/ui": "^1.0.3",
        "idb-keyval": "^6.3.0",
        "nanostores": "^1.4.2"
      },
      "peerDependencies": {
        "@mysten/sui": "^2.28.0",
        "@types/react": ">=17.0.0",
        "react": ">=17.0.0"
      },
      "peerDependenciesMeta": {
        "@types/react": {
          "optional": true
        },
        "react": {
          "optional": true
        }
      }
    },
    "node_modules/@mysten/sui": {
      "version": "2.28.0",
      "resolved": "https://registry.npmjs.org/@mysten/sui/-/sui-2.28.0.tgz",
      "integrity": "sha512-2GUUtEpdoUeyzq7OAlvcaSqv05wcA+Ppgx7PVzSL01KFF9iS3AEO0//zrWAJ1uxsVikcwFlP6fY1rUCKMsnwbw==",
      "license": "Apache-2.0",
      "dependencies": {
        "@graphql-typed-document-node/core": "^3.2.0",
        "@mysten/bcs": "^2.1.1",
        "@mysten/utils": "^0.4.1",
        "@noble/curves": "^2.3.0",
        "@noble/hashes": "^2.3.0",
        "@protobuf-ts/grpcweb-transport": "^2.11.1",
        "@protobuf-ts/runtime": "^2.11.1",
        "@protobuf-ts/runtime-rpc": "^2.11.1",
        "@scure/base": "^2.3.0",
        "@scure/bip32": "^2.3.0",
        "@scure/bip39": "^2.3.0",
        "gql.tada": "^1.11.3",
        "graphql": "^17.0.2",
        "poseidon-lite": "0.3.0",
        "valibot": "^1.4.2"
      },
      "engines": {
        "node": ">=22"
      }
    },
    "node_modules/@mysten/utils": {
      "version": "0.4.1",
      "resolved": "https://registry.npmjs.org/@mysten/utils/-/utils-0.4.1.tgz",
      "integrity": "sha512-gffLJ84CbqG/CcOPuVlwXIRu37tFn0BtUx7CQtbLwJzWjUE7FU2Gq8BXWjzxImnvufcyLTaNWtCPG6wq22Zhog==",
      "license": "Apache-2.0",
      "dependencies": {
        "@scure/base": "^2.3.0"
      }
    },
    "node_modules/@mysten/wallet-standard": {
      "version": "0.21.21",
      "resolved": "https://registry.npmjs.org/@mysten/wallet-standard/-/wallet-standard-0.21.21.tgz",
      "integrity": "sha512-4no2EvOQbpFj1vqmGEsQIz9trpDXaxm2gVh9wDr1+MabWHXL0/lAjaI08vY+0LPOWFW9yqqUkATqeXwEVL8ENA==",
      "license": "Apache-2.0",
      "dependencies": {
        "@wallet-standard/core": "1.1.2"
      },
      "peerDependencies": {
        "@mysten/sui": "^2.28.0"
      }
    },
    "node_modules/@mysten/webcrypto-signer": {
      "version": "0.2.21",
      "resolved": "https://registry.npmjs.org/@mysten/webcrypto-signer/-/webcrypto-signer-0.2.21.tgz",
      "integrity": "sha512-ePDRBhEGi69kSCO6RRubaZ3H/BNHpehdlC1gSL7ckD19zAuVVyes/JJVKqd6CKfhtnLzKA3FYKsFqHsy8Pl7Nw==",
      "license": "Apache-2.0",
      "dependencies": {
        "@noble/curves": "^2.3.0"
      },
      "engines": {
        "node": ">=22"
      },
      "peerDependencies": {
        "@mysten/sui": "^2.28.0"
      }
    },
    "node_modules/@nanostores/react": {
      "version": "1.1.0",
      "resolved": "https://registry.npmjs.org/@nanostores/react/-/react-1.1.0.tgz",
      "integrity": "sha512-MbH35fjhcf7LAubYX5vhOChYUfTLzNLqH/mBGLVsHkcvjy0F8crO1WQwdmQ2xKbAmtpalDa2zBt3Hlg5kqr8iw==",
      "funding": [
        {
          "type": "github",
          "url": "https://github.com/sponsors/ai"
        }
      ],
      "license": "MIT",
      "engines": {
        "node": "^20.0.0 || >=22.0.0"
      },
      "peerDependencies": {
        "nanostores": "^1.2.0",
        "react": ">=18.0.0"
      }
    },
    "node_modules/@noble/curves": {
      "version": "2.4.0",
      "resolved": "https://registry.npmjs.org/@noble/curves/-/curves-2.4.0.tgz",
      "integrity": "sha512-P4/62zrgfH33CneE3Dn4WhJVA22YUU0eR51wKIan4NVRvwsA0YnPTwWGpNbpuacSujmSFLvyzpyuR30+fbq2Ew==",
      "license": "MIT",
      "dependencies": {
        "@noble/hashes": "2.4.0"
      },
      "engines": {
        "node": ">= 20.19.0"
      },
      "funding": {
        "url": "https://paulmillr.com/funding/"
      }
    },
    "node_modules/@noble/hashes": {
      "version": "2.4.0",
      "resolved": "https://registry.npmjs.org/@noble/hashes/-/hashes-2.4.0.tgz",
      "integrity": "sha512-X5XaVWZIBCT7HHZGm5I7ZQXDwLG+bGXuSrMQAW+7Zvl87h1kmc1ZB1VSRJcpUfoUrGQp4Fkoxm5kZ+Ms+aW+eA==",
      "license": "MIT",
      "engines": {
        "node": ">= 20.19.0"
      },
      "funding": {
        "url": "https://paulmillr.com/funding/"
      }
    },
    "node_modules/@protobuf-ts/grpcweb-transport": {
      "version": "2.11.1",
      "resolved": "https://registry.npmjs.org/@protobuf-ts/grpcweb-transport/-/grpcweb-transport-2.11.1.tgz",
      "integrity": "sha512-1W4utDdvOB+RHMFQ0soL4JdnxjXV+ddeGIUg08DvZrA8Ms6k5NN6GBFU2oHZdTOcJVpPrDJ02RJlqtaoCMNBtw==",
      "license": "Apache-2.0",
      "dependencies": {
        "@protobuf-ts/runtime": "^2.11.1",
        "@protobuf-ts/runtime-rpc": "^2.11.1"
      }
    },
    "node_modules/@protobuf-ts/runtime": {
      "version": "2.11.1",
      "resolved": "https://registry.npmjs.org/@protobuf-ts/runtime/-/runtime-2.11.1.tgz",
      "integrity": "sha512-KuDaT1IfHkugM2pyz+FwiY80ejWrkH1pAtOBOZFuR6SXEFTsnb/jiQWQ1rCIrcKx2BtyxnxW6BWwsVSA/Ie+WQ==",
      "license": "(Apache-2.0 AND BSD-3-Clause)"
    },
    "node_modules/@protobuf-ts/runtime-rpc": {
      "version": "2.11.1",
      "resolved": "https://registry.npmjs.org/@protobuf-ts/runtime-rpc/-/runtime-rpc-2.11.1.tgz",
      "integrity": "sha512-4CqqUmNA+/uMz00+d3CYKgElXO9VrEbucjnBFEjqI4GuDrEQ32MaI3q+9qPBvIGOlL4PmHXrzM32vBPWRhQKWQ==",
      "license": "Apache-2.0",
      "dependencies": {
        "@protobuf-ts/runtime": "^2.11.1"
      }
    },
    "node_modules/@scure/base": {
      "version": "2.4.0",
      "resolved": "https://registry.npmjs.org/@scure/base/-/base-2.4.0.tgz",
      "integrity": "sha512-thZ1TuJwFwBblOhgsjDKvvGirBxNp+wSvY/DR6tJBJOTDhdAAcHJ8Vbr2eFnqaxeca4+t0i9KBf+uHYGWwZORg==",
      "license": "MIT",
      "funding": {
        "url": "https://paulmillr.com/funding/"
      }
    },
    "node_modules/@scure/bip32": {
      "version": "2.4.0",
      "resolved": "https://registry.npmjs.org/@scure/bip32/-/bip32-2.4.0.tgz",
      "integrity": "sha512-i3DS0CptAocyvqE4n3SUkpzeQK4vJMFwWLofTwRiiKo2aWojBOfyMCgfKw9HVpO6fSY5AK86sHS/Uzn8kK9Few==",
      "license": "MIT",
      "dependencies": {
        "@noble/curves": "2.4.0",
        "@noble/hashes": "2.4.0",
        "@scure/base": "2.4.0"
      },
      "funding": {
        "url": "https://paulmillr.com/funding/"
      }
    },
    "node_modules/@scure/bip39": {
      "version": "2.4.0",
      "resolved": "https://registry.npmjs.org/@scure/bip39/-/bip39-2.4.0.tgz",
      "integrity": "sha512-82dxFbZUYboyOf0AXiydsQrFQ5Q4h9mX+O2UkE91ROYmsc0BKMGZLwDmy96Jpa2+vrtoxomjUhy1RPIgH/r2nA==",
      "license": "MIT",
      "dependencies": {
        "@noble/hashes": "2.4.0"
      },
      "funding": {
        "url": "https://paulmillr.com/funding/"
      }
    },
    "node_modules/@types/node": {
      "version": "26.4.1",
      "resolved": "https://registry.npmjs.org/@types/node/-/node-26.4.1.tgz",
      "integrity": "sha512-k97ENvZWtvA6yqz5/FS6a7duDgOPEeOQOc2iKS/nY6mX6qJUKtLnWzQS+Xj6tXweyj6ZcTAK2Qecetnvi9nCLA==",
      "dev": true,
      "license": "MIT",
      "dependencies": {
        "undici-types": "~8.3.0"
      }
    },
    "node_modules/@wallet-standard/app": {
      "version": "1.1.1",
      "resolved": "https://registry.npmjs.org/@wallet-standard/app/-/app-1.1.1.tgz",
      "integrity": "sha512-WDGwoByhP5gwHH01r5EaLgQdLVkACPCdOMQhmhn8rsm10h/siSgTorShzBxrn0ExSPof+Lu+C3TfgqBrPa1xoQ==",
      "license": "Apache-2.0",
      "dependencies": {
        "@wallet-standard/base": "^1.1.1"
      },
      "engines": {
        "node": ">=22"
      }
    },
    "node_modules/@wallet-standard/base": {
      "version": "1.1.1",
      "resolved": "https://registry.npmjs.org/@wallet-standard/base/-/base-1.1.1.tgz",
      "integrity": "sha512-gggIHTtxicF9XFMQ12DkfS6NAG92Ak795JeSA7f2whAQ6Y3AkMWWuCMxSZXG2NIPN42kEaZSNVjqMsJRaJRxMQ==",
      "license": "Apache-2.0",
      "engines": {
        "node": ">=22"
      }
    },
    "node_modules/@wallet-standard/core": {
      "version": "1.1.2",
      "resolved": "https://registry.npmjs.org/@wallet-standard/core/-/core-1.1.2.tgz",
      "integrity": "sha512-QcVLGDkFtsWjTpkej2jx4FyP2cu+qOAW/lVnvlWjyhCkSEje6z+vEKURV5v+7L6IXjbze5pyFBe24yrPyoUuyw==",
      "license": "Apache-2.0",
      "dependencies": {
        "@wallet-standard/app": "^1.1.1",
        "@wallet-standard/base": "^1.1.1",
        "@wallet-standard/errors": "^0.1.2",
        "@wallet-standard/features": "^1.1.1",
        "@wallet-standard/wallet": "^1.1.1"
      },
      "engines": {
        "node": ">=22"
      }
    },
    "node_modules/@wallet-standard/errors": {
      "version": "0.1.2",
      "resolved": "https://registry.npmjs.org/@wallet-standard/errors/-/errors-0.1.2.tgz",
      "integrity": "sha512-oEzKUqJefKby6wcIvaJgrSEe/uNn/rnqkJ0P/85K+h0i5Tdo9E3L22VWq/j5K1e8hHMnZd6LgaIr8m/Wn7X/Ng==",
      "license": "Apache-2.0",
      "dependencies": {
        "chalk": "^5.4.1",
        "commander": "^13.1.0"
      },
      "bin": {
        "errors": "bin/cli.mjs"
      },
      "engines": {
        "node": ">=22"
      }
    },
    "node_modules/@wallet-standard/features": {
      "version": "1.1.1",
      "resolved": "https://registry.npmjs.org/@wallet-standard/features/-/features-1.1.1.tgz",
      "integrity": "sha512-aCWYmVeSCGViyEU5k7GMoW8zxE4Gs+C1s1Pp2XLesvSNlnZ4PMES9HUnTB3hl0b3RVj7C61yze3IWyrncqg4MA==",
      "license": "Apache-2.0",
      "dependencies": {
        "@wallet-standard/base": "^1.1.1"
      },
      "engines": {
        "node": ">=22"
      }
    },
    "node_modules/@wallet-standard/ui": {
      "version": "1.0.3",
      "resolved": "https://registry.npmjs.org/@wallet-standard/ui/-/ui-1.0.3.tgz",
      "integrity": "sha512-H2QJTR5m3PeHi06q8kj4TiRf3U+fEe6W+jw+hztPkjTRBVDeCIrwRhbdgAyI8yaGc7dBhzGYqhUQ9ecYj7x0rQ==",
      "license": "Apache-2.0",
      "dependencies": {
        "@wallet-standard/ui-compare": "^1.0.3",
        "@wallet-standard/ui-core": "^1.0.1",
        "@wallet-standard/ui-features": "^1.0.3"
      },
      "engines": {
        "node": ">=22"
      }
    },
    "node_modules/@wallet-standard/ui-compare": {
      "version": "1.0.3",
      "resolved": "https://registry.npmjs.org/@wallet-standard/ui-compare/-/ui-compare-1.0.3.tgz",
      "integrity": "sha512-AXst7auT0+5eIaj8MyUXZLopKWN2HwqiQNTVgcF80u9X9a/fsiiHi8tlY0dc/y/AIOM654cMpvpJqsJEZNV9pg==",
      "license": "Apache-2.0",
      "dependencies": {
        "@wallet-standard/base": "1.1.1",
        "@wallet-standard/ui-core": "1.0.1",
        "@wallet-standard/ui-registry": "1.1.1"
      },
      "engines": {
        "node": ">=22"
      }
    },
    "node_modules/@wallet-standard/ui-core": {
      "version": "1.0.1",
      "resolved": "https://registry.npmjs.org/@wallet-standard/ui-core/-/ui-core-1.0.1.tgz",
      "integrity": "sha512-LFmsSjMw3wXfZgZ5eAFGdIJ1512dGTWIEeoPDKsc6mHf7cMU18tvtpe4bOL76lT9Qh1Gc+4+kdtwSkTuJ9L+jw==",
      "license": "Apache-2.0",
      "dependencies": {
        "@wallet-standard/base": "1.1.1"
      },
      "engines": {
        "node": ">=22"
      }
    },
    "node_modules/@wallet-standard/ui-features": {
      "version": "1.0.3",
      "resolved": "https://registry.npmjs.org/@wallet-standard/ui-features/-/ui-features-1.0.3.tgz",
      "integrity": "sha512-3YgxBoDXZCsaSyCNMph7i7G57ap+C6Y+l3HmTEQKigzTGxPUJ2mvqpTPwdj8D2cVkTKBzu8/78wweV7I9eG1rA==",
      "license": "Apache-2.0",
      "dependencies": {
        "@wallet-standard/base": "1.1.1",
        "@wallet-standard/errors": "0.1.2",
        "@wallet-standard/ui-core": "1.0.1",
        "@wallet-standard/ui-registry": "1.1.1"
      },
      "engines": {
        "node": ">=22"
      }
    },
    "node_modules/@wallet-standard/ui-registry": {
      "version": "1.1.1",
      "resolved": "https://registry.npmjs.org/@wallet-standard/ui-registry/-/ui-registry-1.1.1.tgz",
      "integrity": "sha512-vJDZ/K2xwIqkxiyWUhPb6s62bTMRbYPj0MCJa9lYsqHGZgMbKBI3ZjLJK5MzWow2VxoOfuR77HuJng+HDWt1hA==",
      "license": "Apache-2.0",
      "dependencies": {
        "@wallet-standard/base": "1.1.1",
        "@wallet-standard/errors": "0.1.2",
        "@wallet-standard/ui-core": "1.0.1"
      },
      "engines": {
        "node": ">=22"
      }
    },
    "node_modules/@wallet-standard/wallet": {
      "version": "1.1.1",
      "resolved": "https://registry.npmjs.org/@wallet-standard/wallet/-/wallet-1.1.1.tgz",
      "integrity": "sha512-8WiRPaKk/wNNRZhB2eVhpR/JW7/aqTCMoZhgVUCujuzDmxxmGvsosMxdCG4NAdYkoyozAHCX8/xLtlWUn5mNdQ==",
      "license": "Apache-2.0",
      "dependencies": {
        "@wallet-standard/base": "^1.1.1"
      },
      "engines": {
        "node": ">=22"
      }
    },
    "node_modules/chalk": {
      "version": "5.6.2",
      "resolved": "https://registry.npmjs.org/chalk/-/chalk-5.6.2.tgz",
      "integrity": "sha512-7NzBL0rN6fMUW+f7A6Io4h40qQlG+xGmtMxfbnH/K7TAtt8JQWVQK+6g0UXKMeVJoyV5EkkNsErQ8pVD3bLHbA==",
      "license": "MIT",
      "engines": {
        "node": "^12.17.0 || ^14.13 || >=16.0.0"
      },
      "funding": {
        "url": "https://github.com/chalk/chalk?sponsor=1"
      }
    },
    "node_modules/commander": {
      "version": "13.1.0",
      "resolved": "https://registry.npmjs.org/commander/-/commander-13.1.0.tgz",
      "integrity": "sha512-/rFeCpNJQbhSZjGVwO9RFV3xPqbnERS8MmIQzCtD/zl6gpJuV/bMLuN92oG3F7d8oDEHHRrujSXNUr8fpjntKw==",
      "license": "MIT",
      "engines": {
        "node": ">=18"
      }
    },
    "node_modules/gql.tada": {
      "version": "1.11.3",
      "resolved": "https://registry.npmjs.org/gql.tada/-/gql.tada-1.11.3.tgz",
      "integrity": "sha512-5JCI4j2f0nug8ILaCQys/yjOP78QqqjVUf47OQsME63rZfemsHT3e5vcfbHsnZiG6vxyqpKUJArtXEVwSefUhw==",
      "license": "MIT",
      "dependencies": {
        "@0no-co/graphql.web": "^1.3.2",
        "@0no-co/graphqlsp": "^1.17.3",
        "@gql.tada/cli-utils": "1.9.3",
        "@gql.tada/internal": "1.2.2"
      },
      "bin": {
        "gql-tada": "bin/cli.js",
        "gql.tada": "bin/cli.js"
      },
      "peerDependencies": {
        "typescript": "^5.0.0 || ^6.0.0 || ^7.0.0 || ^8.0.0"
      }
    },
    "node_modules/graphql": {
      "version": "17.0.2",
      "resolved": "https://registry.npmjs.org/graphql/-/graphql-17.0.2.tgz",
      "integrity": "sha512-FRWbddMxfkjiB7z+aQDWIR+E34xo9I8c9mtK2RPv8PmMzKRvrdsreHL/Ui/TmwHJfhHChEtsFPyMHKI+xuarQQ==",
      "license": "MIT",
      "engines": {
        "node": "^22.0.0 || ^24.0.0 || ^25.0.0 || >=26.0.0"
      }
    },
    "node_modules/idb-keyval": {
      "version": "6.3.0",
      "resolved": "https://registry.npmjs.org/idb-keyval/-/idb-keyval-6.3.0.tgz",
      "integrity": "sha512-um+2dgAWmYsu615EXpWVwSmapJhON0G43t3Ka/EVaohzPQXSMqKEqeDK/oIW3Ow+BXaF2PvSc+oBTFp793A5Ow==",
      "license": "Apache-2.0"
    },
    "node_modules/nanostores": {
      "version": "1.5.2",
      "resolved": "https://registry.npmjs.org/nanostores/-/nanostores-1.5.2.tgz",
      "integrity": "sha512-B0UbxzK1s0CN8Xht6r+7iT5+xV8PTaRERR1nATeplRv1Rw5YLWfVAid0hkqY3EceqpG4RjTk8GAwIxQY39Rnwg==",
      "funding": [
        {
          "type": "github",
          "url": "https://github.com/sponsors/ai"
        }
      ],
      "license": "MIT",
      "engines": {
        "node": "^20.0.0 || >=22.0.0"
      }
    },
    "node_modules/poseidon-lite": {
      "version": "0.3.0",
      "resolved": "https://registry.npmjs.org/poseidon-lite/-/poseidon-lite-0.3.0.tgz",
      "integrity": "sha512-ilJj4MIve4uBEG7SrtPqUUNkvpJ/pLVbndxa0WvebcQqeIhe+h72JR4g0EvwchUzm9sOQDlOjiDNmRAgxNZl4A==",
      "license": "MIT"
    },
    "node_modules/react": {
      "version": "19.2.8",
      "resolved": "https://registry.npmjs.org/react/-/react-19.2.8.tgz",
      "integrity": "sha512-PWaYA1L/q9u2u7xYQi+Y3L3Yfnie7XyLeaJICV1MGD6LprsBxcAqGjYyr0eY3p+QdsA+x/Irkt4Qif8D63+Sbw==",
      "license": "MIT",
      "peer": true,
      "engines": {
        "node": ">=0.10.0"
      }
    },
    "node_modules/typescript": {
      "version": "5.9.3",
      "resolved": "https://registry.npmjs.org/typescript/-/typescript-5.9.3.tgz",
      "integrity": "sha512-jl1vZzPDinLr9eUt3J/t7V6FgNEw9QjvBPdysz9KfQDD41fQrC2Y4vKQdiaUpFT4bXlb1RHhLpp8wtm6M5TgSw==",
      "license": "Apache-2.0",
      "bin": {
        "tsc": "bin/tsc",
        "tsserver": "bin/tsserver"
      },
      "engines": {
        "node": ">=14.17"
      }
    },
    "node_modules/undici-types": {
      "version": "8.3.0",
      "resolved": "https://registry.npmjs.org/undici-types/-/undici-types-8.3.0.tgz",
      "integrity": "sha512-j375ScV60dom+YkPFIfTLcOiPxkN/buHz5GobjLhixFuANaNs3C9l4GmrWqejgXWJ7BbJcFYpTEUkS1Ge8bpZQ==",
      "dev": true,
      "license": "MIT"
    },
    "node_modules/valibot": {
      "version": "1.4.2",
      "resolved": "https://registry.npmjs.org/valibot/-/valibot-1.4.2.tgz",
      "integrity": "sha512-gjdCvJ6d3RyHAneqxMYMW9QMCwYMb3jpOO0IyHZV1bnRHFBHrX3VkIILt5XYR0WhwHiH7Mty8ovuPZ/O3gamrg==",
      "license": "MIT",
      "peerDependencies": {
        "typescript": ">=5"
      },
      "peerDependenciesMeta": {
        "typescript": {
          "optional": true
        }
      }
    }
  }
}
